
Microsoft Visual Studio Solution File, Format Version 12.00
# Visual Studio 15
VisualStudioVersion = 15.0.28307.329
MinimumVisualStudioVersion = 10.0.40219.1
Project("{FAE04EC0-301F-11D3-BF4B-00C04F79EFBC}") = "ContainerVervoerWFA", "ContainerVervoerWFA\ContainerVervoerWFA.csproj", "{D4E65AA1-5EDE-4E86-8ADD-23A3907B8E87}"
EndProject
Project("{FAE04EC0-301F-11D3-BF4B-00C04F79EFBC}") = "ContainerVervoerLibrary", "ContainerVervoerLibrary\ContainerVervoerLibrary.csproj", "{C5B32628-1AF0-4765-B340-237F5F671A13}"
EndProject
Project("{FAE04EC0-301F-11D3-BF4B-00C04F79EFBC}") = "ContainerLogic", "ContainerLogic\ContainerLogic.csproj", "{999AF427-241F-4063-ADE7-66A472F045D8}"
EndProject
Global
	GlobalSection(SolutionConfigurationPlatforms) = preSolution
		Debug|Any CPU = Debug|Any CPU
		Release|Any CPU = Release|Any CPU
	EndGlobalSection
	GlobalSection(ProjectConfigurationPlatforms) = postSolution
		{D4E65AA1-5EDE-4E86-8ADD-23A3907B8E87}.Debug|Any CPU.ActiveCfg = Debug|Any CPU
		{D4E65AA1-5EDE-4E86-8ADD-23A3907B8E87}.Debug|Any CPU.Build.0 = Debug|Any CPU
		{D4E65AA1-5EDE-4E86-8ADD-23A3907B8E87}.Release|Any CPU.ActiveCfg = Release|Any CPU
		{D4E65AA1-5EDE-4E86-8ADD-23A3907B8E87}.Release|Any CPU.Build.0 = Release|Any CPU
		{C5B32628-1AF0-4765-B340-237F5F671A13}.Debug|Any CPU.ActiveCfg = Debug|Any CPU
		{C5B32628-1AF0-4765-B340-237F5F671A13}.Debug|Any CPU.Build.0 = Debug|Any CPU
		{C5B32628-1AF0-4765-B340-237F5F671A13}.Release|Any CPU.ActiveCfg = Release|Any CPU
		{C5B32628-1AF0-4765-B340-237F5F671A13}.Release|Any CPU.Build.0 = Release|Any CPU
		{999AF427-241F-4063-ADE7-66A472F045D8}.Debug|Any CPU.ActiveCfg = Debug|Any CPU
		{999AF427-241F-4063-ADE7-66A472F045D8}.Debug|Any CPU.Build.0 = Debug|Any CPU
		{999AF427-241F-4063-ADE7-66A472F045D8}.Release|Any CPU.ActiveCfg = Release|Any CPU
		{999AF427-241F-4063-ADE7-66A472F045D8}.Release|Any CPU.Build.0 = Release|Any CPU
	EndGlobalSection
	GlobalSection(SolutionProperties) = preSolution
		HideSolutionNode = FALSE
	EndGlobalSection
	GlobalSection(ExtensibilityGlobals) = postSolution
		SolutionGuid = {DD0717DE-38DB-42F0-BBFF-F723467BB0B4}
	EndGlobalSection
EndGlobal
